{
        "name": "project-com-demo-plugin",
        "version": "1.0.45",
        "lockfileVersion": 2,
        "requires": true,
        "packages": {
                "": {
                        "name": "project-com-demo-plugin",
                        "version": "1.0.45"
                }
        }
}
