{
    "name": "project-com-xiaomi-xfj",
    "version": "1.0.68",
    "lockfileVersion": 1,
    "requires": true,
    "dependencies": {
        "react-native-echarts-pro": {
            "version": "1.9.3",
            "resolved": "https://registry.npmmirror.com/react-native-echarts-pro/-/react-native-echarts-pro-1.9.3.tgz",
            "integrity": "sha512-vyxZAFw3X0bipQHyEqtawKTJXJ9xkCvVJ/0gXJqzpRLjj1PS6yVxQVNC/+GnLjnqRaN09GcY4rXKDWPruywUdQ=="
        }
    }
}
