# THIS IS AN AUTOGENERATED FILE. DO NOT EDIT THIS FILE DIRECTLY.
# yarn lockfile v1


react-native-echarts-pro@^1.9.3:
  version "1.9.3"
  resolved "https://registry.npmmirror.com/react-native-echarts-pro/-/react-native-echarts-pro-1.9.3.tgz#262f5581d4f89c946738e96750be17aa82b2858f"
  integrity sha512-vyxZAFw3X0bipQHyEqtawKTJXJ9xkCvVJ/0gXJqzpRLjj1PS6yVxQVNC/+GnLjnqRaN09GcY4rXKDWPruywUdQ==
